// !$*UTF8*$!
{
	archiveVersion = 1;
	classes = {
	};
	objectVersion = 56;
	objects = {

/* Begin PBXBuildFile section */
		372CC8162C67AE960001A34A /* FSCalendar in Frameworks */ = {isa = PBXBuildFile; productRef = 372CC8152C67AE960001A34A /* FSCalendar */; };
		374E1D602C5A340E00323379 /* CalendarModel.swift in Sources */ = {isa = PBXBuildFile; fileRef = 374E1D5C2C5A340E00323379 /* CalendarModel.swift */; };
		374E1D612C5A340E00323379 /* CalendarView.swift in Sources */ = {isa = PBXBuildFile; fileRef = 374E1D5D2C5A340E00323379 /* CalendarView.swift */; };
		374E1D622C5A340E00323379 /* CalendarViewModel.swift in Sources */ = {isa = PBXBuildFile; fileRef = 374E1D5E2C5A340E00323379 /* CalendarViewModel.swift */; };
		378A0FE32C67D9CD002D932A /* DetailMainView.swift in Sources */ = {isa = PBXBuildFile; fileRef = 378A0FE22C67D9CD002D932A /* DetailMainView.swift */; };
		378A0FE72C67FD41002D932A /* MemberInfo.swift in Sources */ = {isa = PBXBuildFile; fileRef = 378A0FE62C67FD41002D932A /* MemberInfo.swift */; };
		378A0FE92C680220002D932A /* CancelMembershipView.swift in Sources */ = {isa = PBXBuildFile; fileRef = 378A0FE82C680220002D932A /* CancelMembershipView.swift */; };
		378A0FEB2C6FBF3B002D932A /* MemberInfoResponse.swift in Sources */ = {isa = PBXBuildFile; fileRef = 378A0FEA2C6FBF3B002D932A /* MemberInfoResponse.swift */; };
		378A0FED2C6FC032002D932A /* MemberInfoAPI.swift in Sources */ = {isa = PBXBuildFile; fileRef = 378A0FEC2C6FC032002D932A /* MemberInfoAPI.swift */; };
		378A0FF12C6FCC12002D932A /* MemberInfoViewModel.swift in Sources */ = {isa = PBXBuildFile; fileRef = 378A0FF02C6FCC12002D932A /* MemberInfoViewModel.swift */; };
		378A0FF52C712E46002D932A /* MemberInfoService.swift in Sources */ = {isa = PBXBuildFile; fileRef = 378A0FF42C712E46002D932A /* MemberInfoService.swift */; };
		37CD69372C724B8C000137FC /* CancelMembershipAPI.swift in Sources */ = {isa = PBXBuildFile; fileRef = 37CD69362C724B8C000137FC /* CancelMembershipAPI.swift */; };
		37CD69392C724D12000137FC /* CancelMembershipService.swift in Sources */ = {isa = PBXBuildFile; fileRef = 37CD69382C724D12000137FC /* CancelMembershipService.swift */; };
		37CD693B2C724D8A000137FC /* CancelMembershipResponse.swift in Sources */ = {isa = PBXBuildFile; fileRef = 37CD693A2C724D8A000137FC /* CancelMembershipResponse.swift */; };
		37CD693D2C724E32000137FC /* CancelMembershipViewModel.swift in Sources */ = {isa = PBXBuildFile; fileRef = 37CD693C2C724E32000137FC /* CancelMembershipViewModel.swift */; };
		37FD1F322C5F838200B2B44B /* WeekCalendarView.swift in Sources */ = {isa = PBXBuildFile; fileRef = 37FD1F312C5F838200B2B44B /* WeekCalendarView.swift */; };
		4FB934382C47AC2700994816 /* CircleButton.swift in Sources */ = {isa = PBXBuildFile; fileRef = 4FB934372C47AC2700994816 /* CircleButton.swift */; };
		4FCEF5192C6632060076158D /* BudgetMainView.swift in Sources */ = {isa = PBXBuildFile; fileRef = 4FCEF5182C6632060076158D /* BudgetMainView.swift */; };
		4FCEF51B2C6632370076158D /* BudgetPullPushView.swift in Sources */ = {isa = PBXBuildFile; fileRef = 4FCEF51A2C6632370076158D /* BudgetPullPushView.swift */; };
		4FCEF51D2C6632630076158D /* BudgetMainViewModel.swift in Sources */ = {isa = PBXBuildFile; fileRef = 4FCEF51C2C6632630076158D /* BudgetMainViewModel.swift */; };
		9F1508B82C54DA1700DFF5CA /* SpendSheetView.swift in Sources */ = {isa = PBXBuildFile; fileRef = 9F1508B72C54DA1700DFF5CA /* SpendSheetView.swift */; };
		9F1508BD2C5A0A8600DFF5CA /* HomeViewModel.swift in Sources */ = {isa = PBXBuildFile; fileRef = 9F1508BC2C5A0A8600DFF5CA /* HomeViewModel.swift */; };
		9F4D78DA2C4D6221004B9C7D /* OnboardingNicknameView.swift in Sources */ = {isa = PBXBuildFile; fileRef = 9F4D78D92C4D6221004B9C7D /* OnboardingNicknameView.swift */; };
		9F70220C2C513D5C00405610 /* PercentageBar.swift in Sources */ = {isa = PBXBuildFile; fileRef = 9F70220B2C513D5C00405610 /* PercentageBar.swift */; };
		9F9C4C212C4EBE2C00940551 /* OnboardingViewModel.swift in Sources */ = {isa = PBXBuildFile; fileRef = 9F9C4C202C4EBE2C00940551 /* OnboardingViewModel.swift */; };
		9FAB27012C5FB31D007FDD23 /* SmallCircleButton.swift in Sources */ = {isa = PBXBuildFile; fileRef = 9FAB27002C5FB31D007FDD23 /* SmallCircleButton.swift */; };
		9FBD1F122C5126F700CDB0B8 /* HomeMainView.swift in Sources */ = {isa = PBXBuildFile; fileRef = 9FBD1F112C5126F700CDB0B8 /* HomeMainView.swift */; };
		9FD1AC202C525B82001D2EB7 /* HomeSpendView.swift in Sources */ = {isa = PBXBuildFile; fileRef = 9FD1AC1F2C525B82001D2EB7 /* HomeSpendView.swift */; };
		9FF30F372C609EE4005994BB /* HomeReceiptView.swift in Sources */ = {isa = PBXBuildFile; fileRef = 9FF30F362C609EE4005994BB /* HomeReceiptView.swift */; };
		9FFC87432C4CEA4600E30A8F /* KeypadButton.swift in Sources */ = {isa = PBXBuildFile; fileRef = 9FFC87422C4CEA4600E30A8F /* KeypadButton.swift */; };
		9FFC87452C4D059400E30A8F /* OnboardingBudgetView.swift in Sources */ = {isa = PBXBuildFile; fileRef = 9FFC87442C4D059400E30A8F /* OnboardingBudgetView.swift */; };
		C61A47172C663EFC0016986D /* BaseAPI.swift in Sources */ = {isa = PBXBuildFile; fileRef = C61A47162C663EFC0016986D /* BaseAPI.swift */; };
		C61A471A2C663F980016986D /* Moya in Frameworks */ = {isa = PBXBuildFile; productRef = C61A47192C663F980016986D /* Moya */; };
		C62EAD312C662C3700D199FA /* IncomeSheetView.swift in Sources */ = {isa = PBXBuildFile; fileRef = 9F1508B92C57921F00DFF5CA /* IncomeSheetView.swift */; };
		C6346F472C5F98140048708D /* EmailAuthView.swift in Sources */ = {isa = PBXBuildFile; fileRef = C6346F462C5F98140048708D /* EmailAuthView.swift */; };
		C695BDA92C60E05C009DEC3C /* AuthAPI.swift in Sources */ = {isa = PBXBuildFile; fileRef = C695BDA82C60E05C009DEC3C /* AuthAPI.swift */; };
		C6C139D12C41485400AE2D9C /* HARUCHIApp.swift in Sources */ = {isa = PBXBuildFile; fileRef = C6C139D02C41485400AE2D9C /* HARUCHIApp.swift */; };
		C6C139D52C41485500AE2D9C /* Assets.xcassets in Resources */ = {isa = PBXBuildFile; fileRef = C6C139D42C41485500AE2D9C /* Assets.xcassets */; };
		C6C139D82C41485500AE2D9C /* Preview Assets.xcassets in Resources */ = {isa = PBXBuildFile; fileRef = C6C139D72C41485500AE2D9C /* Preview Assets.xcassets */; };
		C6C139F52C4549B800AE2D9C /* MainButton.swift in Sources */ = {isa = PBXBuildFile; fileRef = C6C139F42C4549B800AE2D9C /* MainButton.swift */; };
		C6C139F92C454B6100AE2D9C /* FontExtension.swift in Sources */ = {isa = PBXBuildFile; fileRef = C6C139F82C454B6100AE2D9C /* FontExtension.swift */; };
		C6C13A042C454C0E00AE2D9C /* Pretendard-Regular.otf in Resources */ = {isa = PBXBuildFile; fileRef = C6C139FB2C454C0D00AE2D9C /* Pretendard-Regular.otf */; };
		C6C13A062C454C0E00AE2D9C /* Pretendard-Medium.otf in Resources */ = {isa = PBXBuildFile; fileRef = C6C139FD2C454C0E00AE2D9C /* Pretendard-Medium.otf */; };
		C6C13A092C454C0E00AE2D9C /* Pretendard-SemiBold.otf in Resources */ = {isa = PBXBuildFile; fileRef = C6C13A002C454C0E00AE2D9C /* Pretendard-SemiBold.otf */; };
		C6C13A0A2C454C0E00AE2D9C /* Pretendard-Bold.otf in Resources */ = {isa = PBXBuildFile; fileRef = C6C13A012C454C0E00AE2D9C /* Pretendard-Bold.otf */; };
		C6C13A0F2C464EC200AE2D9C /* ColorExtension.swift in Sources */ = {isa = PBXBuildFile; fileRef = C6C13A0E2C464EC200AE2D9C /* ColorExtension.swift */; };
		C6C13A132C4CE7F500AE2D9C /* Launch Screen.storyboard in Resources */ = {isa = PBXBuildFile; fileRef = C6C13A122C4CE7F500AE2D9C /* Launch Screen.storyboard */; };
		C6C13A222C4D173700AE2D9C /* SignInView.swift in Sources */ = {isa = PBXBuildFile; fileRef = C6C13A202C4D173700AE2D9C /* SignInView.swift */; };
		C6C13A262C4D17CE00AE2D9C /* BackButtonModifier.swift in Sources */ = {isa = PBXBuildFile; fileRef = C6C13A252C4D17CE00AE2D9C /* BackButtonModifier.swift */; };
		C6C13A282C4D1C6A00AE2D9C /* GrayLine.swift in Sources */ = {isa = PBXBuildFile; fileRef = C6C13A272C4D1C6A00AE2D9C /* GrayLine.swift */; };
		C6C13A2A2C4E8CD100AE2D9C /* SignInViewModel.swift in Sources */ = {isa = PBXBuildFile; fileRef = C6C13A292C4E8CD100AE2D9C /* SignInViewModel.swift */; };
		C6CF820F2C68C9540006A98C /* LoginView.swift in Sources */ = {isa = PBXBuildFile; fileRef = C6CF820E2C68C9540006A98C /* LoginView.swift */; };
		C6CF82122C68C96A0006A98C /* LoginViewModel.swift in Sources */ = {isa = PBXBuildFile; fileRef = C6CF82112C68C96A0006A98C /* LoginViewModel.swift */; };
		C6CF82142C68D4DF0006A98C /* LoginTextFieldStyle.swift in Sources */ = {isa = PBXBuildFile; fileRef = C6CF82132C68D4DF0006A98C /* LoginTextFieldStyle.swift */; };
		C6CF82162C6A1FEE0006A98C /* AppState.swift in Sources */ = {isa = PBXBuildFile; fileRef = C6CF82152C6A1FEE0006A98C /* AppState.swift */; };
		C6CF821A2C6A21CC0006A98C /* KeychainManager.swift in Sources */ = {isa = PBXBuildFile; fileRef = C6CF82192C6A21CC0006A98C /* KeychainManager.swift */; };
		C6CF82202C6A35790006A98C /* Example.swift in Sources */ = {isa = PBXBuildFile; fileRef = C6CF821F2C6A35790006A98C /* Example.swift */; };
		C6CF82252C6A4B0A0006A98C /* AuthService.swift in Sources */ = {isa = PBXBuildFile; fileRef = C6CF82242C6A4B0A0006A98C /* AuthService.swift */; };
		C6CF82272C6A572F0006A98C /* CombineMoya in Frameworks */ = {isa = PBXBuildFile; productRef = C6CF82262C6A572F0006A98C /* CombineMoya */; };
		C6CF82292C6A5D5B0006A98C /* Base.swift in Sources */ = {isa = PBXBuildFile; fileRef = C6CF82282C6A5D5B0006A98C /* Base.swift */; };
		C6CF822B2C6A5E490006A98C /* LoginResponse.swift in Sources */ = {isa = PBXBuildFile; fileRef = C6CF822A2C6A5E490006A98C /* LoginResponse.swift */; };
		C6CF822D2C6A6FFF0006A98C /* RootView.swift in Sources */ = {isa = PBXBuildFile; fileRef = C6CF822C2C6A6FFF0006A98C /* RootView.swift */; };
		C6CF822F2C6A77740006A98C /* LoadingView.swift in Sources */ = {isa = PBXBuildFile; fileRef = C6CF822E2C6A77740006A98C /* LoadingView.swift */; };
/* End PBXBuildFile section */

/* Begin PBXFileReference section */
		374E1D5C2C5A340E00323379 /* CalendarModel.swift */ = {isa = PBXFileReference; fileEncoding = 4; lastKnownFileType = sourcecode.swift; path = CalendarModel.swift; sourceTree = "<group>"; };
		374E1D5D2C5A340E00323379 /* CalendarView.swift */ = {isa = PBXFileReference; fileEncoding = 4; lastKnownFileType = sourcecode.swift; path = CalendarView.swift; sourceTree = "<group>"; };
		374E1D5E2C5A340E00323379 /* CalendarViewModel.swift */ = {isa = PBXFileReference; fileEncoding = 4; lastKnownFileType = sourcecode.swift; path = CalendarViewModel.swift; sourceTree = "<group>"; };
		378A0FE22C67D9CD002D932A /* DetailMainView.swift */ = {isa = PBXFileReference; lastKnownFileType = sourcecode.swift; path = DetailMainView.swift; sourceTree = "<group>"; };
		378A0FE62C67FD41002D932A /* MemberInfo.swift */ = {isa = PBXFileReference; lastKnownFileType = sourcecode.swift; path = MemberInfo.swift; sourceTree = "<group>"; };
		378A0FE82C680220002D932A /* CancelMembershipView.swift */ = {isa = PBXFileReference; lastKnownFileType = sourcecode.swift; path = CancelMembershipView.swift; sourceTree = "<group>"; };
		378A0FEA2C6FBF3B002D932A /* MemberInfoResponse.swift */ = {isa = PBXFileReference; lastKnownFileType = sourcecode.swift; path = MemberInfoResponse.swift; sourceTree = "<group>"; };
		378A0FEC2C6FC032002D932A /* MemberInfoAPI.swift */ = {isa = PBXFileReference; lastKnownFileType = sourcecode.swift; path = MemberInfoAPI.swift; sourceTree = "<group>"; };
		378A0FF02C6FCC12002D932A /* MemberInfoViewModel.swift */ = {isa = PBXFileReference; lastKnownFileType = sourcecode.swift; path = MemberInfoViewModel.swift; sourceTree = "<group>"; };
		378A0FF42C712E46002D932A /* MemberInfoService.swift */ = {isa = PBXFileReference; lastKnownFileType = sourcecode.swift; path = MemberInfoService.swift; sourceTree = "<group>"; };
		37CD69362C724B8C000137FC /* CancelMembershipAPI.swift */ = {isa = PBXFileReference; lastKnownFileType = sourcecode.swift; path = CancelMembershipAPI.swift; sourceTree = "<group>"; };
		37CD69382C724D12000137FC /* CancelMembershipService.swift */ = {isa = PBXFileReference; lastKnownFileType = sourcecode.swift; path = CancelMembershipService.swift; sourceTree = "<group>"; };
		37CD693A2C724D8A000137FC /* CancelMembershipResponse.swift */ = {isa = PBXFileReference; lastKnownFileType = sourcecode.swift; path = CancelMembershipResponse.swift; sourceTree = "<group>"; };
		37CD693C2C724E32000137FC /* CancelMembershipViewModel.swift */ = {isa = PBXFileReference; lastKnownFileType = sourcecode.swift; path = CancelMembershipViewModel.swift; sourceTree = "<group>"; };
		37FD1F312C5F838200B2B44B /* WeekCalendarView.swift */ = {isa = PBXFileReference; lastKnownFileType = sourcecode.swift; path = WeekCalendarView.swift; sourceTree = "<group>"; };
		4FB934372C47AC2700994816 /* CircleButton.swift */ = {isa = PBXFileReference; lastKnownFileType = sourcecode.swift; path = CircleButton.swift; sourceTree = "<group>"; };
		4FCEF5182C6632060076158D /* BudgetMainView.swift */ = {isa = PBXFileReference; lastKnownFileType = sourcecode.swift; path = BudgetMainView.swift; sourceTree = "<group>"; };
		4FCEF51A2C6632370076158D /* BudgetPullPushView.swift */ = {isa = PBXFileReference; lastKnownFileType = sourcecode.swift; path = BudgetPullPushView.swift; sourceTree = "<group>"; };
		4FCEF51C2C6632630076158D /* BudgetMainViewModel.swift */ = {isa = PBXFileReference; lastKnownFileType = sourcecode.swift; path = BudgetMainViewModel.swift; sourceTree = "<group>"; };
		9F1508B72C54DA1700DFF5CA /* SpendSheetView.swift */ = {isa = PBXFileReference; lastKnownFileType = sourcecode.swift; path = SpendSheetView.swift; sourceTree = "<group>"; };
		9F1508B92C57921F00DFF5CA /* IncomeSheetView.swift */ = {isa = PBXFileReference; lastKnownFileType = sourcecode.swift; path = IncomeSheetView.swift; sourceTree = "<group>"; };
		9F1508BC2C5A0A8600DFF5CA /* HomeViewModel.swift */ = {isa = PBXFileReference; lastKnownFileType = sourcecode.swift; path = HomeViewModel.swift; sourceTree = "<group>"; };
		9F4D78D92C4D6221004B9C7D /* OnboardingNicknameView.swift */ = {isa = PBXFileReference; lastKnownFileType = sourcecode.swift; path = OnboardingNicknameView.swift; sourceTree = "<group>"; };
		9F70220B2C513D5C00405610 /* PercentageBar.swift */ = {isa = PBXFileReference; fileEncoding = 4; lastKnownFileType = sourcecode.swift; path = PercentageBar.swift; sourceTree = "<group>"; };
		9F9C4C202C4EBE2C00940551 /* OnboardingViewModel.swift */ = {isa = PBXFileReference; lastKnownFileType = sourcecode.swift; path = OnboardingViewModel.swift; sourceTree = "<group>"; };
		9FAB27002C5FB31D007FDD23 /* SmallCircleButton.swift */ = {isa = PBXFileReference; lastKnownFileType = sourcecode.swift; path = SmallCircleButton.swift; sourceTree = "<group>"; };
		9FBD1F112C5126F700CDB0B8 /* HomeMainView.swift */ = {isa = PBXFileReference; lastKnownFileType = sourcecode.swift; path = HomeMainView.swift; sourceTree = "<group>"; };
		9FD1AC1F2C525B82001D2EB7 /* HomeSpendView.swift */ = {isa = PBXFileReference; lastKnownFileType = sourcecode.swift; path = HomeSpendView.swift; sourceTree = "<group>"; };
		9FF30F362C609EE4005994BB /* HomeReceiptView.swift */ = {isa = PBXFileReference; lastKnownFileType = sourcecode.swift; path = HomeReceiptView.swift; sourceTree = "<group>"; };
		9FFC87422C4CEA4600E30A8F /* KeypadButton.swift */ = {isa = PBXFileReference; lastKnownFileType = sourcecode.swift; path = KeypadButton.swift; sourceTree = "<group>"; };
		9FFC87442C4D059400E30A8F /* OnboardingBudgetView.swift */ = {isa = PBXFileReference; lastKnownFileType = sourcecode.swift; path = OnboardingBudgetView.swift; sourceTree = "<group>"; };
		C61A47162C663EFC0016986D /* BaseAPI.swift */ = {isa = PBXFileReference; lastKnownFileType = sourcecode.swift; path = BaseAPI.swift; sourceTree = "<group>"; };
		C6346F462C5F98140048708D /* EmailAuthView.swift */ = {isa = PBXFileReference; lastKnownFileType = sourcecode.swift; path = EmailAuthView.swift; sourceTree = "<group>"; };
		C695BDA82C60E05C009DEC3C /* AuthAPI.swift */ = {isa = PBXFileReference; lastKnownFileType = sourcecode.swift; path = AuthAPI.swift; sourceTree = "<group>"; };
		C6C139CD2C41485400AE2D9C /* HARUCHI.app */ = {isa = PBXFileReference; explicitFileType = wrapper.application; includeInIndex = 0; path = HARUCHI.app; sourceTree = BUILT_PRODUCTS_DIR; };
		C6C139D02C41485400AE2D9C /* HARUCHIApp.swift */ = {isa = PBXFileReference; lastKnownFileType = sourcecode.swift; path = HARUCHIApp.swift; sourceTree = "<group>"; };
		C6C139D42C41485500AE2D9C /* Assets.xcassets */ = {isa = PBXFileReference; lastKnownFileType = folder.assetcatalog; path = Assets.xcassets; sourceTree = "<group>"; };
		C6C139D72C41485500AE2D9C /* Preview Assets.xcassets */ = {isa = PBXFileReference; lastKnownFileType = folder.assetcatalog; path = "Preview Assets.xcassets"; sourceTree = "<group>"; };
		C6C139F42C4549B800AE2D9C /* MainButton.swift */ = {isa = PBXFileReference; lastKnownFileType = sourcecode.swift; path = MainButton.swift; sourceTree = "<group>"; };
		C6C139F82C454B6100AE2D9C /* FontExtension.swift */ = {isa = PBXFileReference; lastKnownFileType = sourcecode.swift; path = FontExtension.swift; sourceTree = "<group>"; };
		C6C139FB2C454C0D00AE2D9C /* Pretendard-Regular.otf */ = {isa = PBXFileReference; lastKnownFileType = file; path = "Pretendard-Regular.otf"; sourceTree = "<group>"; };
		C6C139FD2C454C0E00AE2D9C /* Pretendard-Medium.otf */ = {isa = PBXFileReference; lastKnownFileType = file; path = "Pretendard-Medium.otf"; sourceTree = "<group>"; };
		C6C13A002C454C0E00AE2D9C /* Pretendard-SemiBold.otf */ = {isa = PBXFileReference; lastKnownFileType = file; path = "Pretendard-SemiBold.otf"; sourceTree = "<group>"; };
		C6C13A012C454C0E00AE2D9C /* Pretendard-Bold.otf */ = {isa = PBXFileReference; lastKnownFileType = file; path = "Pretendard-Bold.otf"; sourceTree = "<group>"; };
		C6C13A0D2C464C4700AE2D9C /* Info.plist */ = {isa = PBXFileReference; lastKnownFileType = text.plist; path = Info.plist; sourceTree = "<group>"; };
		C6C13A0E2C464EC200AE2D9C /* ColorExtension.swift */ = {isa = PBXFileReference; lastKnownFileType = sourcecode.swift; path = ColorExtension.swift; sourceTree = "<group>"; };
		C6C13A122C4CE7F500AE2D9C /* Launch Screen.storyboard */ = {isa = PBXFileReference; lastKnownFileType = file.storyboard; path = "Launch Screen.storyboard"; sourceTree = "<group>"; };
		C6C13A202C4D173700AE2D9C /* SignInView.swift */ = {isa = PBXFileReference; fileEncoding = 4; lastKnownFileType = sourcecode.swift; path = SignInView.swift; sourceTree = "<group>"; };
		C6C13A252C4D17CE00AE2D9C /* BackButtonModifier.swift */ = {isa = PBXFileReference; lastKnownFileType = sourcecode.swift; path = BackButtonModifier.swift; sourceTree = "<group>"; };
		C6C13A272C4D1C6A00AE2D9C /* GrayLine.swift */ = {isa = PBXFileReference; lastKnownFileType = sourcecode.swift; path = GrayLine.swift; sourceTree = "<group>"; };
		C6C13A292C4E8CD100AE2D9C /* SignInViewModel.swift */ = {isa = PBXFileReference; lastKnownFileType = sourcecode.swift; path = SignInViewModel.swift; sourceTree = "<group>"; };
		C6CF820E2C68C9540006A98C /* LoginView.swift */ = {isa = PBXFileReference; lastKnownFileType = sourcecode.swift; path = LoginView.swift; sourceTree = "<group>"; };
		C6CF82112C68C96A0006A98C /* LoginViewModel.swift */ = {isa = PBXFileReference; lastKnownFileType = sourcecode.swift; path = LoginViewModel.swift; sourceTree = "<group>"; };
		C6CF82132C68D4DF0006A98C /* LoginTextFieldStyle.swift */ = {isa = PBXFileReference; lastKnownFileType = sourcecode.swift; path = LoginTextFieldStyle.swift; sourceTree = "<group>"; };
		C6CF82152C6A1FEE0006A98C /* AppState.swift */ = {isa = PBXFileReference; lastKnownFileType = sourcecode.swift; path = AppState.swift; sourceTree = "<group>"; };
		C6CF82192C6A21CC0006A98C /* KeychainManager.swift */ = {isa = PBXFileReference; lastKnownFileType = sourcecode.swift; path = KeychainManager.swift; sourceTree = "<group>"; };
		C6CF821F2C6A35790006A98C /* Example.swift */ = {isa = PBXFileReference; lastKnownFileType = sourcecode.swift; path = Example.swift; sourceTree = "<group>"; };
		C6CF82242C6A4B0A0006A98C /* AuthService.swift */ = {isa = PBXFileReference; lastKnownFileType = sourcecode.swift; path = AuthService.swift; sourceTree = "<group>"; };
		C6CF82282C6A5D5B0006A98C /* Base.swift */ = {isa = PBXFileReference; lastKnownFileType = sourcecode.swift; path = Base.swift; sourceTree = "<group>"; };
		C6CF822A2C6A5E490006A98C /* LoginResponse.swift */ = {isa = PBXFileReference; lastKnownFileType = sourcecode.swift; path = LoginResponse.swift; sourceTree = "<group>"; };
		C6CF822C2C6A6FFF0006A98C /* RootView.swift */ = {isa = PBXFileReference; lastKnownFileType = sourcecode.swift; path = RootView.swift; sourceTree = "<group>"; };
		C6CF822E2C6A77740006A98C /* LoadingView.swift */ = {isa = PBXFileReference; lastKnownFileType = sourcecode.swift; path = LoadingView.swift; sourceTree = "<group>"; };
/* End PBXFileReference section */

/* Begin PBXFrameworksBuildPhase section */
		C6C139CA2C41485400AE2D9C /* Frameworks */ = {
			isa = PBXFrameworksBuildPhase;
			buildActionMask = 2147483647;
			files = (
				C61A471A2C663F980016986D /* Moya in Frameworks */,
				372CC8162C67AE960001A34A /* FSCalendar in Frameworks */,
				C6CF82272C6A572F0006A98C /* CombineMoya in Frameworks */,
			);
			runOnlyForDeploymentPostprocessing = 0;
		};
/* End PBXFrameworksBuildPhase section */

/* Begin PBXGroup section */
		374E1D5F2C5A340E00323379 /* Calendar */ = {
			isa = PBXGroup;
			children = (
				374E1D5C2C5A340E00323379 /* CalendarModel.swift */,
				374E1D5D2C5A340E00323379 /* CalendarView.swift */,
				374E1D5E2C5A340E00323379 /* CalendarViewModel.swift */,
			);
			path = Calendar;
			sourceTree = "<group>";
		};
		378A0FE12C67D9A9002D932A /* Detail */ = {
			isa = PBXGroup;
			children = (
				378A0FE22C67D9CD002D932A /* DetailMainView.swift */,
				378A0FE62C67FD41002D932A /* MemberInfo.swift */,
				378A0FF02C6FCC12002D932A /* MemberInfoViewModel.swift */,
				378A0FE82C680220002D932A /* CancelMembershipView.swift */,
				37CD693C2C724E32000137FC /* CancelMembershipViewModel.swift */,
			);
			path = Detail;
			sourceTree = "<group>";
		};
		37FD1F302C5F836700B2B44B /* WeekCalendar */ = {
			isa = PBXGroup;
			children = (
				37FD1F312C5F838200B2B44B /* WeekCalendarView.swift */,
			);
			path = WeekCalendar;
			sourceTree = "<group>";
		};
		4FCEF5172C6631D60076158D /* Budget */ = {
			isa = PBXGroup;
			children = (
				4FCEF5182C6632060076158D /* BudgetMainView.swift */,
				4FCEF51A2C6632370076158D /* BudgetPullPushView.swift */,
				4FCEF51C2C6632630076158D /* BudgetMainViewModel.swift */,
			);
			path = Budget;
			sourceTree = "<group>";
		};
		9FA2A75E2C4F96BD0082636F /* Home */ = {
			isa = PBXGroup;
			children = (
				9FBD1F112C5126F700CDB0B8 /* HomeMainView.swift */,
				9FD1AC1F2C525B82001D2EB7 /* HomeSpendView.swift */,
				9F1508B72C54DA1700DFF5CA /* SpendSheetView.swift */,
				9F1508B92C57921F00DFF5CA /* IncomeSheetView.swift */,
				9FF30F362C609EE4005994BB /* HomeReceiptView.swift */,
				9F1508BC2C5A0A8600DFF5CA /* HomeViewModel.swift */,
			);
			path = Home;
			sourceTree = "<group>";
		};
		9FBD1F102C51263800CDB0B8 /* Recovered References */ = {
			isa = PBXGroup;
			children = (
			);
			name = "Recovered References";
			sourceTree = "<group>";
		};
		9FFC87462C4D178200E30A8F /* Onboarding */ = {
			isa = PBXGroup;
			children = (
				9FFC87442C4D059400E30A8F /* OnboardingBudgetView.swift */,
				9F4D78D92C4D6221004B9C7D /* OnboardingNicknameView.swift */,
				9F9C4C202C4EBE2C00940551 /* OnboardingViewModel.swift */,
			);
			path = Onboarding;
			sourceTree = "<group>";
		};
		C61A47182C663F980016986D /* Frameworks */ = {
			isa = PBXGroup;
			children = (
			);
			name = Frameworks;
			sourceTree = "<group>";
		};
		C695BDA62C60DD33009DEC3C /* Network */ = {
			isa = PBXGroup;
			children = (
				C6CF82212C6A357C0006A98C /* Service */,
				C6CF821E2C6A356D0006A98C /* Entity */,
				C695BDA72C60DD3D009DEC3C /* API */,
			);
			path = Network;
			sourceTree = "<group>";
		};
		C695BDA72C60DD3D009DEC3C /* API */ = {
			isa = PBXGroup;
			children = (
				C61A47162C663EFC0016986D /* BaseAPI.swift */,
				C695BDA82C60E05C009DEC3C /* AuthAPI.swift */,
				378A0FEC2C6FC032002D932A /* MemberInfoAPI.swift */,
				37CD69362C724B8C000137FC /* CancelMembershipAPI.swift */,
			);
			path = API;
			sourceTree = "<group>";
		};
		C6C139C42C41485400AE2D9C = {
			isa = PBXGroup;
			children = (
				C6C139CF2C41485400AE2D9C /* HARUCHI */,
				C6C139CE2C41485400AE2D9C /* Products */,
				9FBD1F102C51263800CDB0B8 /* Recovered References */,
				C61A47182C663F980016986D /* Frameworks */,
			);
			sourceTree = "<group>";
		};
		C6C139CE2C41485400AE2D9C /* Products */ = {
			isa = PBXGroup;
			children = (
				C6C139CD2C41485400AE2D9C /* HARUCHI.app */,
			);
			name = Products;
			sourceTree = "<group>";
		};
		C6C139CF2C41485400AE2D9C /* HARUCHI */ = {
			isa = PBXGroup;
			children = (
				C6C13A0D2C464C4700AE2D9C /* Info.plist */,
				C6C139D42C41485500AE2D9C /* Assets.xcassets */,
				C6C13A122C4CE7F500AE2D9C /* Launch Screen.storyboard */,
				C6C139FA2C454BB300AE2D9C /* Font */,
				C6C139E52C414C9E00AE2D9C /* Helper */,
				C6C139E62C414D8900AE2D9C /* Components */,
				C6C139E72C414D9700AE2D9C /* App */,
				C695BDA62C60DD33009DEC3C /* Network */,
				C6C139D62C41485500AE2D9C /* Preview Content */,
			);
			path = HARUCHI;
			sourceTree = "<group>";
		};
		C6C139D62C41485500AE2D9C /* Preview Content */ = {
			isa = PBXGroup;
			children = (
				C6C139D72C41485500AE2D9C /* Preview Assets.xcassets */,
			);
			path = "Preview Content";
			sourceTree = "<group>";
		};
		C6C139E52C414C9E00AE2D9C /* Helper */ = {
			isa = PBXGroup;
			children = (
				C6CF82172C6A21A20006A98C /* Manager */,
				C6C13A102C46604400AE2D9C /* Extension */,
			);
			path = Helper;
			sourceTree = "<group>";
		};
		C6C139E62C414D8900AE2D9C /* Components */ = {
			isa = PBXGroup;
			children = (
				37FD1F302C5F836700B2B44B /* WeekCalendar */,
				374E1D5F2C5A340E00323379 /* Calendar */,
				C6C139F42C4549B800AE2D9C /* MainButton.swift */,
				4FB934372C47AC2700994816 /* CircleButton.swift */,
				9FFC87422C4CEA4600E30A8F /* KeypadButton.swift */,
				C6C13A272C4D1C6A00AE2D9C /* GrayLine.swift */,
				9F70220B2C513D5C00405610 /* PercentageBar.swift */,
				9FAB27002C5FB31D007FDD23 /* SmallCircleButton.swift */,
				C6CF822E2C6A77740006A98C /* LoadingView.swift */,
				C6C13A242C4D17A900AE2D9C /* ViewModifier */,
			);
			path = Components;
			sourceTree = "<group>";
		};
		C6C139E72C414D9700AE2D9C /* App */ = {
			isa = PBXGroup;
			children = (
				C6CF82152C6A1FEE0006A98C /* AppState.swift */,
				C6C139D02C41485400AE2D9C /* HARUCHIApp.swift */,
				C6CF822C2C6A6FFF0006A98C /* RootView.swift */,
				C6CF820D2C68C9450006A98C /* Login */,
				C6C13A1F2C4D16ED00AE2D9C /* SignIn */,
				9FFC87462C4D178200E30A8F /* Onboarding */,
				9FA2A75E2C4F96BD0082636F /* Home */,
				4FCEF5172C6631D60076158D /* Budget */,
				378A0FE12C67D9A9002D932A /* Detail */,
			);
			path = App;
			sourceTree = "<group>";
		};
		C6C139FA2C454BB300AE2D9C /* Font */ = {
			isa = PBXGroup;
			children = (
				C6C13A012C454C0E00AE2D9C /* Pretendard-Bold.otf */,
				C6C139FD2C454C0E00AE2D9C /* Pretendard-Medium.otf */,
				C6C139FB2C454C0D00AE2D9C /* Pretendard-Regular.otf */,
				C6C13A002C454C0E00AE2D9C /* Pretendard-SemiBold.otf */,
			);
			path = Font;
			sourceTree = "<group>";
		};
		C6C13A102C46604400AE2D9C /* Extension */ = {
			isa = PBXGroup;
			children = (
				C6C139F82C454B6100AE2D9C /* FontExtension.swift */,
				C6C13A0E2C464EC200AE2D9C /* ColorExtension.swift */,
			);
			path = Extension;
			sourceTree = "<group>";
		};
		C6C13A1F2C4D16ED00AE2D9C /* SignIn */ = {
			isa = PBXGroup;
			children = (
				C6C13A202C4D173700AE2D9C /* SignInView.swift */,
				C6346F462C5F98140048708D /* EmailAuthView.swift */,
				C6C13A292C4E8CD100AE2D9C /* SignInViewModel.swift */,
			);
			path = SignIn;
			sourceTree = "<group>";
		};
		C6C13A242C4D17A900AE2D9C /* ViewModifier */ = {
			isa = PBXGroup;
			children = (
				C6C13A252C4D17CE00AE2D9C /* BackButtonModifier.swift */,
				C6CF82132C68D4DF0006A98C /* LoginTextFieldStyle.swift */,
			);
			path = ViewModifier;
			sourceTree = "<group>";
		};
		C6CF820D2C68C9450006A98C /* Login */ = {
			isa = PBXGroup;
			children = (
				C6CF820E2C68C9540006A98C /* LoginView.swift */,
				C6CF82112C68C96A0006A98C /* LoginViewModel.swift */,
			);
			path = Login;
			sourceTree = "<group>";
		};
		C6CF82172C6A21A20006A98C /* Manager */ = {
			isa = PBXGroup;
			children = (
				C6CF82192C6A21CC0006A98C /* KeychainManager.swift */,
			);
			path = Manager;
			sourceTree = "<group>";
		};
		C6CF821E2C6A356D0006A98C /* Entity */ = {
			isa = PBXGroup;
			children = (
				C6CF821F2C6A35790006A98C /* Example.swift */,
				C6CF82282C6A5D5B0006A98C /* Base.swift */,
				C6CF822A2C6A5E490006A98C /* LoginResponse.swift */,
				378A0FEA2C6FBF3B002D932A /* MemberInfoResponse.swift */,
				37CD693A2C724D8A000137FC /* CancelMembershipResponse.swift */,
			);
			path = Entity;
			sourceTree = "<group>";
		};
		C6CF82212C6A357C0006A98C /* Service */ = {
			isa = PBXGroup;
			children = (
				C6CF82242C6A4B0A0006A98C /* AuthService.swift */,
				378A0FF42C712E46002D932A /* MemberInfoService.swift */,
				37CD69382C724D12000137FC /* CancelMembershipService.swift */,
			);
			path = Service;
			sourceTree = "<group>";
		};
/* End PBXGroup section */

/* Begin PBXNativeTarget section */
		C6C139CC2C41485400AE2D9C /* HARUCHI */ = {
			isa = PBXNativeTarget;
			buildConfigurationList = C6C139DB2C41485500AE2D9C /* Build configuration list for PBXNativeTarget "HARUCHI" */;
			buildPhases = (
				C6C139C92C41485400AE2D9C /* Sources */,
				C6C139CA2C41485400AE2D9C /* Frameworks */,
				C6C139CB2C41485400AE2D9C /* Resources */,
			);
			buildRules = (
			);
			dependencies = (
			);
			name = HARUCHI;
			packageProductDependencies = (
				C61A47192C663F980016986D /* Moya */,
				372CC8152C67AE960001A34A /* FSCalendar */,
				C6CF82262C6A572F0006A98C /* CombineMoya */,
			);
			productName = HARUCHI;
			productReference = C6C139CD2C41485400AE2D9C /* HARUCHI.app */;
			productType = "com.apple.product-type.application";
		};
/* End PBXNativeTarget section */

/* Begin PBXProject section */
		C6C139C52C41485400AE2D9C /* Project object */ = {
			isa = PBXProject;
			attributes = {
				BuildIndependentTargetsInParallel = 1;
				LastSwiftUpdateCheck = 1540;
				LastUpgradeCheck = 1540;
				TargetAttributes = {
					C6C139CC2C41485400AE2D9C = {
						CreatedOnToolsVersion = 15.4;
					};
				};
			};
			buildConfigurationList = C6C139C82C41485400AE2D9C /* Build configuration list for PBXProject "HARUCHI" */;
			compatibilityVersion = "Xcode 14.0";
			developmentRegion = en;
			hasScannedForEncodings = 0;
			knownRegions = (
				en,
				Base,
			);
			mainGroup = C6C139C42C41485400AE2D9C;
			packageReferences = (
				C695BDA52C60DB02009DEC3C /* XCRemoteSwiftPackageReference "Moya" */,
				372CC8142C67AE960001A34A /* XCRemoteSwiftPackageReference "FSCalendar2" */,
			);
			productRefGroup = C6C139CE2C41485400AE2D9C /* Products */;
			projectDirPath = "";
			projectRoot = "";
			targets = (
				C6C139CC2C41485400AE2D9C /* HARUCHI */,
			);
		};
/* End PBXProject section */

/* Begin PBXResourcesBuildPhase section */
		C6C139CB2C41485400AE2D9C /* Resources */ = {
			isa = PBXResourcesBuildPhase;
			buildActionMask = 2147483647;
			files = (
				C6C139D82C41485500AE2D9C /* Preview Assets.xcassets in Resources */,
				C6C13A062C454C0E00AE2D9C /* Pretendard-Medium.otf in Resources */,
				C6C13A092C454C0E00AE2D9C /* Pretendard-SemiBold.otf in Resources */,
				C6C13A042C454C0E00AE2D9C /* Pretendard-Regular.otf in Resources */,
				C6C13A0A2C454C0E00AE2D9C /* Pretendard-Bold.otf in Resources */,
				C6C139D52C41485500AE2D9C /* Assets.xcassets in Resources */,
				C6C13A132C4CE7F500AE2D9C /* Launch Screen.storyboard in Resources */,
			);
			runOnlyForDeploymentPostprocessing = 0;
		};
/* End PBXResourcesBuildPhase section */

/* Begin PBXSourcesBuildPhase section */
		C6C139C92C41485400AE2D9C /* Sources */ = {
			isa = PBXSourcesBuildPhase;
			buildActionMask = 2147483647;
			files = (
				C62EAD312C662C3700D199FA /* IncomeSheetView.swift in Sources */,
				9F4D78DA2C4D6221004B9C7D /* OnboardingNicknameView.swift in Sources */,
				374E1D602C5A340E00323379 /* CalendarModel.swift in Sources */,
				9F9C4C212C4EBE2C00940551 /* OnboardingViewModel.swift in Sources */,
				C6C139F92C454B6100AE2D9C /* FontExtension.swift in Sources */,
				C6C13A222C4D173700AE2D9C /* SignInView.swift in Sources */,
				C6C13A282C4D1C6A00AE2D9C /* GrayLine.swift in Sources */,
				9F1508BD2C5A0A8600DFF5CA /* HomeViewModel.swift in Sources */,
				4FCEF5192C6632060076158D /* BudgetMainView.swift in Sources */,
				37CD69392C724D12000137FC /* CancelMembershipService.swift in Sources */,
				9FBD1F122C5126F700CDB0B8 /* HomeMainView.swift in Sources */,
				378A0FF52C712E46002D932A /* MemberInfoService.swift in Sources */,
				C6CF82162C6A1FEE0006A98C /* AppState.swift in Sources */,
				4FCEF51B2C6632370076158D /* BudgetPullPushView.swift in Sources */,
				378A0FE32C67D9CD002D932A /* DetailMainView.swift in Sources */,
				378A0FE72C67FD41002D932A /* MemberInfo.swift in Sources */,
				378A0FEB2C6FBF3B002D932A /* MemberInfoResponse.swift in Sources */,
				C6CF822D2C6A6FFF0006A98C /* RootView.swift in Sources */,
				374E1D612C5A340E00323379 /* CalendarView.swift in Sources */,
				37CD69372C724B8C000137FC /* CancelMembershipAPI.swift in Sources */,
				9FFC87432C4CEA4600E30A8F /* KeypadButton.swift in Sources */,
				9F1508B82C54DA1700DFF5CA /* SpendSheetView.swift in Sources */,
				9FFC87452C4D059400E30A8F /* OnboardingBudgetView.swift in Sources */,
				9FF30F372C609EE4005994BB /* HomeReceiptView.swift in Sources */,
				C6C13A262C4D17CE00AE2D9C /* BackButtonModifier.swift in Sources */,
				9FAB27012C5FB31D007FDD23 /* SmallCircleButton.swift in Sources */,
				C6346F472C5F98140048708D /* EmailAuthView.swift in Sources */,
				C6C139D12C41485400AE2D9C /* HARUCHIApp.swift in Sources */,
				C6CF82292C6A5D5B0006A98C /* Base.swift in Sources */,
				C695BDA92C60E05C009DEC3C /* AuthAPI.swift in Sources */,
				378A0FED2C6FC032002D932A /* MemberInfoAPI.swift in Sources */,
				4FB934382C47AC2700994816 /* CircleButton.swift in Sources */,
				C6CF82142C68D4DF0006A98C /* LoginTextFieldStyle.swift in Sources */,
				C6CF82122C68C96A0006A98C /* LoginViewModel.swift in Sources */,
				37CD693B2C724D8A000137FC /* CancelMembershipResponse.swift in Sources */,
				C6CF82252C6A4B0A0006A98C /* AuthService.swift in Sources */,
				4FCEF51D2C6632630076158D /* BudgetMainViewModel.swift in Sources */,
				378A0FE92C680220002D932A /* CancelMembershipView.swift in Sources */,
				37FD1F322C5F838200B2B44B /* WeekCalendarView.swift in Sources */,
				C6CF82202C6A35790006A98C /* Example.swift in Sources */,
				378A0FF12C6FCC12002D932A /* MemberInfoViewModel.swift in Sources */,
				C6C13A2A2C4E8CD100AE2D9C /* SignInViewModel.swift in Sources */,
				9FD1AC202C525B82001D2EB7 /* HomeSpendView.swift in Sources */,
				C6C13A0F2C464EC200AE2D9C /* ColorExtension.swift in Sources */,
				C6C139F52C4549B800AE2D9C /* MainButton.swift in Sources */,
				374E1D622C5A340E00323379 /* CalendarViewModel.swift in Sources */,
				C6CF821A2C6A21CC0006A98C /* KeychainManager.swift in Sources */,
				C6CF820F2C68C9540006A98C /* LoginView.swift in Sources */,
				9F70220C2C513D5C00405610 /* PercentageBar.swift in Sources */,
				C6CF822B2C6A5E490006A98C /* LoginResponse.swift in Sources */,
				C61A47172C663EFC0016986D /* BaseAPI.swift in Sources */,
				37CD693D2C724E32000137FC /* CancelMembershipViewModel.swift in Sources */,
				C6CF822F2C6A77740006A98C /* LoadingView.swift in Sources */,
			);
			runOnlyForDeploymentPostprocessing = 0;
		};
/* End PBXSourcesBuildPhase section */

/* Begin XCBuildConfiguration section */
		C6C139D92C41485500AE2D9C /* Debug */ = {
			isa = XCBuildConfiguration;
			buildSettings = {
				ALWAYS_SEARCH_USER_PATHS = NO;
				ASSETCATALOG_COMPILER_GENERATE_SWIFT_ASSET_SYMBOL_EXTENSIONS = YES;
				CLANG_ANALYZER_NONNULL = YES;
				CLANG_ANALYZER_NUMBER_OBJECT_CONVERSION = YES_AGGRESSIVE;
				CLANG_CXX_LANGUAGE_STANDARD = "gnu++20";
				CLANG_ENABLE_MODULES = YES;
				CLANG_ENABLE_OBJC_ARC = YES;
				CLANG_ENABLE_OBJC_WEAK = YES;
				CLANG_WARN_BLOCK_CAPTURE_AUTORELEASING = YES;
				CLANG_WARN_BOOL_CONVERSION = YES;
				CLANG_WARN_COMMA = YES;
				CLANG_WARN_CONSTANT_CONVERSION = YES;
				CLANG_WARN_DEPRECATED_OBJC_IMPLEMENTATIONS = YES;
				CLANG_WARN_DIRECT_OBJC_ISA_USAGE = YES_ERROR;
				CLANG_WARN_DOCUMENTATION_COMMENTS = YES;
				CLANG_WARN_EMPTY_BODY = YES;
				CLANG_WARN_ENUM_CONVERSION = YES;
				CLANG_WARN_INFINITE_RECURSION = YES;
				CLANG_WARN_INT_CONVERSION = YES;
				CLANG_WARN_NON_LITERAL_NULL_CONVERSION = YES;
				CLANG_WARN_OBJC_IMPLICIT_RETAIN_SELF = YES;
				CLANG_WARN_OBJC_LITERAL_CONVERSION = YES;
				CLANG_WARN_OBJC_ROOT_CLASS = YES_ERROR;
				CLANG_WARN_QUOTED_INCLUDE_IN_FRAMEWORK_HEADER = YES;
				CLANG_WARN_RANGE_LOOP_ANALYSIS = YES;
				CLANG_WARN_STRICT_PROTOTYPES = YES;
				CLANG_WARN_SUSPICIOUS_MOVE = YES;
				CLANG_WARN_UNGUARDED_AVAILABILITY = YES_AGGRESSIVE;
				CLANG_WARN_UNREACHABLE_CODE = YES;
				CLANG_WARN__DUPLICATE_METHOD_MATCH = YES;
				COPY_PHASE_STRIP = NO;
				DEBUG_INFORMATION_FORMAT = dwarf;
				ENABLE_STRICT_OBJC_MSGSEND = YES;
				ENABLE_TESTABILITY = YES;
				ENABLE_USER_SCRIPT_SANDBOXING = YES;
				GCC_C_LANGUAGE_STANDARD = gnu17;
				GCC_DYNAMIC_NO_PIC = NO;
				GCC_NO_COMMON_BLOCKS = YES;
				GCC_OPTIMIZATION_LEVEL = 0;
				GCC_PREPROCESSOR_DEFINITIONS = (
					"DEBUG=1",
					"$(inherited)",
				);
				GCC_WARN_64_TO_32_BIT_CONVERSION = YES;
				GCC_WARN_ABOUT_RETURN_TYPE = YES_ERROR;
				GCC_WARN_UNDECLARED_SELECTOR = YES;
				GCC_WARN_UNINITIALIZED_AUTOS = YES_AGGRESSIVE;
				GCC_WARN_UNUSED_FUNCTION = YES;
				GCC_WARN_UNUSED_VARIABLE = YES;
				IPHONEOS_DEPLOYMENT_TARGET = 17.5;
				LOCALIZATION_PREFERS_STRING_CATALOGS = YES;
				MTL_ENABLE_DEBUG_INFO = INCLUDE_SOURCE;
				MTL_FAST_MATH = YES;
				ONLY_ACTIVE_ARCH = YES;
				SDKROOT = iphoneos;
				SWIFT_ACTIVE_COMPILATION_CONDITIONS = "DEBUG $(inherited)";
				SWIFT_OPTIMIZATION_LEVEL = "-Onone";
			};
			name = Debug;
		};
		C6C139DA2C41485500AE2D9C /* Release */ = {
			isa = XCBuildConfiguration;
			buildSettings = {
				ALWAYS_SEARCH_USER_PATHS = NO;
				ASSETCATALOG_COMPILER_GENERATE_SWIFT_ASSET_SYMBOL_EXTENSIONS = YES;
				CLANG_ANALYZER_NONNULL = YES;
				CLANG_ANALYZER_NUMBER_OBJECT_CONVERSION = YES_AGGRESSIVE;
				CLANG_CXX_LANGUAGE_STANDARD = "gnu++20";
				CLANG_ENABLE_MODULES = YES;
				CLANG_ENABLE_OBJC_ARC = YES;
				CLANG_ENABLE_OBJC_WEAK = YES;
				CLANG_WARN_BLOCK_CAPTURE_AUTORELEASING = YES;
				CLANG_WARN_BOOL_CONVERSION = YES;
				CLANG_WARN_COMMA = YES;
				CLANG_WARN_CONSTANT_CONVERSION = YES;
				CLANG_WARN_DEPRECATED_OBJC_IMPLEMENTATIONS = YES;
				CLANG_WARN_DIRECT_OBJC_ISA_USAGE = YES_ERROR;
				CLANG_WARN_DOCUMENTATION_COMMENTS = YES;
				CLANG_WARN_EMPTY_BODY = YES;
				CLANG_WARN_ENUM_CONVERSION = YES;
				CLANG_WARN_INFINITE_RECURSION = YES;
				CLANG_WARN_INT_CONVERSION = YES;
				CLANG_WARN_NON_LITERAL_NULL_CONVERSION = YES;
				CLANG_WARN_OBJC_IMPLICIT_RETAIN_SELF = YES;
				CLANG_WARN_OBJC_LITERAL_CONVERSION = YES;
				CLANG_WARN_OBJC_ROOT_CLASS = YES_ERROR;
				CLANG_WARN_QUOTED_INCLUDE_IN_FRAMEWORK_HEADER = YES;
				CLANG_WARN_RANGE_LOOP_ANALYSIS = YES;
				CLANG_WARN_STRICT_PROTOTYPES = YES;
				CLANG_WARN_SUSPICIOUS_MOVE = YES;
				CLANG_WARN_UNGUARDED_AVAILABILITY = YES_AGGRESSIVE;
				CLANG_WARN_UNREACHABLE_CODE = YES;
				CLANG_WARN__DUPLICATE_METHOD_MATCH = YES;
				COPY_PHASE_STRIP = NO;
				DEBUG_INFORMATION_FORMAT = "dwarf-with-dsym";
				ENABLE_NS_ASSERTIONS = NO;
				ENABLE_STRICT_OBJC_MSGSEND = YES;
				ENABLE_USER_SCRIPT_SANDBOXING = YES;
				GCC_C_LANGUAGE_STANDARD = gnu17;
				GCC_NO_COMMON_BLOCKS = YES;
				GCC_WARN_64_TO_32_BIT_CONVERSION = YES;
				GCC_WARN_ABOUT_RETURN_TYPE = YES_ERROR;
				GCC_WARN_UNDECLARED_SELECTOR = YES;
				GCC_WARN_UNINITIALIZED_AUTOS = YES_AGGRESSIVE;
				GCC_WARN_UNUSED_FUNCTION = YES;
				GCC_WARN_UNUSED_VARIABLE = YES;
				IPHONEOS_DEPLOYMENT_TARGET = 17.5;
				LOCALIZATION_PREFERS_STRING_CATALOGS = YES;
				MTL_ENABLE_DEBUG_INFO = NO;
				MTL_FAST_MATH = YES;
				SDKROOT = iphoneos;
				SWIFT_COMPILATION_MODE = wholemodule;
				VALIDATE_PRODUCT = YES;
			};
			name = Release;
		};
		C6C139DC2C41485500AE2D9C /* Debug */ = {
			isa = XCBuildConfiguration;
			buildSettings = {
				ASSETCATALOG_COMPILER_APPICON_NAME = AppIcon;
				ASSETCATALOG_COMPILER_GLOBAL_ACCENT_COLOR_NAME = AccentColor;
				CODE_SIGN_STYLE = Automatic;
				CURRENT_PROJECT_VERSION = 1;
				DEVELOPMENT_ASSET_PATHS = "\"HARUCHI/Preview Content\"";
				DEVELOPMENT_TEAM = 5SS8W2NCSL;
				ENABLE_PREVIEWS = YES;
				GENERATE_INFOPLIST_FILE = YES;
				INFOPLIST_FILE = HARUCHI/Info.plist;
				INFOPLIST_KEY_LSApplicationCategoryType = "";
				INFOPLIST_KEY_UIApplicationSceneManifest_Generation = YES;
				INFOPLIST_KEY_UIApplicationSupportsIndirectInputEvents = YES;
				INFOPLIST_KEY_UILaunchScreen_Generation = YES;
				INFOPLIST_KEY_UILaunchStoryboardName = "Launch Screen.storyboard";
				INFOPLIST_KEY_UISupportedInterfaceOrientations = UIInterfaceOrientationPortrait;
				INFOPLIST_KEY_UISupportedInterfaceOrientations_iPad = "UIInterfaceOrientationLandscapeLeft UIInterfaceOrientationLandscapeRight UIInterfaceOrientationPortrait UIInterfaceOrientationPortraitUpsideDown";
				INFOPLIST_KEY_UIUserInterfaceStyle = Light;
				IPHONEOS_DEPLOYMENT_TARGET = 17.0;
				LD_RUNPATH_SEARCH_PATHS = (
					"$(inherited)",
					"@executable_path/Frameworks",
				);
				MARKETING_VERSION = 1.0;
				PRODUCT_BUNDLE_IDENTIFIER = "umc-6th.HARUCHI44";
				PRODUCT_NAME = "$(TARGET_NAME)";
				SUPPORTED_PLATFORMS = "iphoneos iphonesimulator";
				SUPPORTS_MACCATALYST = NO;
				SUPPORTS_MAC_DESIGNED_FOR_IPHONE_IPAD = NO;
				SUPPORTS_XR_DESIGNED_FOR_IPHONE_IPAD = NO;
				SWIFT_EMIT_LOC_STRINGS = YES;
				SWIFT_VERSION = 5.0;
				TARGETED_DEVICE_FAMILY = 1;
			};
			name = Debug;
		};
		C6C139DD2C41485500AE2D9C /* Release */ = {
			isa = XCBuildConfiguration;
			buildSettings = {
				ASSETCATALOG_COMPILER_APPICON_NAME = AppIcon;
				ASSETCATALOG_COMPILER_GLOBAL_ACCENT_COLOR_NAME = AccentColor;
				CODE_SIGN_STYLE = Automatic;
				CURRENT_PROJECT_VERSION = 1;
				DEVELOPMENT_ASSET_PATHS = "\"HARUCHI/Preview Content\"";
				DEVELOPMENT_TEAM = 5SS8W2NCSL;
				ENABLE_PREVIEWS = YES;
				GENERATE_INFOPLIST_FILE = YES;
				INFOPLIST_FILE = HARUCHI/Info.plist;
				INFOPLIST_KEY_LSApplicationCategoryType = "";
				INFOPLIST_KEY_UIApplicationSceneManifest_Generation = YES;
				INFOPLIST_KEY_UIApplicationSupportsIndirectInputEvents = YES;
				INFOPLIST_KEY_UILaunchScreen_Generation = YES;
				INFOPLIST_KEY_UILaunchStoryboardName = "Launch Screen.storyboard";
				INFOPLIST_KEY_UISupportedInterfaceOrientations = UIInterfaceOrientationPortrait;
				INFOPLIST_KEY_UISupportedInterfaceOrientations_iPad = "UIInterfaceOrientationLandscapeLeft UIInterfaceOrientationLandscapeRight UIInterfaceOrientationPortrait UIInterfaceOrientationPortraitUpsideDown";
				INFOPLIST_KEY_UIUserInterfaceStyle = Light;
				IPHONEOS_DEPLOYMENT_TARGET = 17.0;
				LD_RUNPATH_SEARCH_PATHS = (
					"$(inherited)",
					"@executable_path/Frameworks",
				);
				MARKETING_VERSION = 1.0;
				PRODUCT_BUNDLE_IDENTIFIER = "umc-6th.HARUCHI44";
				PRODUCT_NAME = "$(TARGET_NAME)";
				SUPPORTED_PLATFORMS = "iphoneos iphonesimulator";
				SUPPORTS_MACCATALYST = NO;
				SUPPORTS_MAC_DESIGNED_FOR_IPHONE_IPAD = NO;
				SUPPORTS_XR_DESIGNED_FOR_IPHONE_IPAD = NO;
				SWIFT_EMIT_LOC_STRINGS = YES;
				SWIFT_VERSION = 5.0;
				TARGETED_DEVICE_FAMILY = 1;
			};
			name = Release;
		};
/* End XCBuildConfiguration section */

/* Begin XCConfigurationList section */
		C6C139C82C41485400AE2D9C /* Build configuration list for PBXProject "HARUCHI" */ = {
			isa = XCConfigurationList;
			buildConfigurations = (
				C6C139D92C41485500AE2D9C /* Debug */,
				C6C139DA2C41485500AE2D9C /* Release */,
			);
			defaultConfigurationIsVisible = 0;
			defaultConfigurationName = Release;
		};
		C6C139DB2C41485500AE2D9C /* Build configuration list for PBXNativeTarget "HARUCHI" */ = {
			isa = XCConfigurationList;
			buildConfigurations = (
				C6C139DC2C41485500AE2D9C /* Debug */,
				C6C139DD2C41485500AE2D9C /* Release */,
			);
			defaultConfigurationIsVisible = 0;
			defaultConfigurationName = Release;
		};
/* End XCConfigurationList section */

/* Begin XCRemoteSwiftPackageReference section */
		372CC8142C67AE960001A34A /* XCRemoteSwiftPackageReference "FSCalendar2" */ = {
			isa = XCRemoteSwiftPackageReference;
			repositoryURL = "https://github.com/leeseulgi0208/FSCalendar2.git";
			requirement = {
				branch = master;
				kind = branch;
			};
		};
		C695BDA52C60DB02009DEC3C /* XCRemoteSwiftPackageReference "Moya" */ = {
			isa = XCRemoteSwiftPackageReference;
			repositoryURL = "https://github.com/Moya/Moya.git";
			requirement = {
				kind = upToNextMajorVersion;
				minimumVersion = 15.0.0;
			};
		};
/* End XCRemoteSwiftPackageReference section */

/* Begin XCSwiftPackageProductDependency section */
		372CC8152C67AE960001A34A /* FSCalendar */ = {
			isa = XCSwiftPackageProductDependency;
			package = 372CC8142C67AE960001A34A /* XCRemoteSwiftPackageReference "FSCalendar2" */;
			productName = FSCalendar;
		};
		C61A47192C663F980016986D /* Moya */ = {
			isa = XCSwiftPackageProductDependency;
			package = C695BDA52C60DB02009DEC3C /* XCRemoteSwiftPackageReference "Moya" */;
			productName = Moya;
		};
		C6CF82262C6A572F0006A98C /* CombineMoya */ = {
			isa = XCSwiftPackageProductDependency;
			package = C695BDA52C60DB02009DEC3C /* XCRemoteSwiftPackageReference "Moya" */;
			productName = CombineMoya;
		};
/* End XCSwiftPackageProductDependency section */
	};
	rootObject = C6C139C52C41485400AE2D9C /* Project object */;
}
