// !$*UTF8*$!
{
	archiveVersion = 1;
	classes = {
	};
	objectVersion = 56;
	objects = {

/* Begin PBXBuildFile section */
		4FB934382C47AC2700994816 /* CircleButton.swift in Sources */ = {isa = PBXBuildFile; fileRef = 4FB934372C47AC2700994816 /* CircleButton.swift */; };
		C6C139D12C41485400AE2D9C /* HARUCHIApp.swift in Sources */ = {isa = PBXBuildFile; fileRef = C6C139D02C41485400AE2D9C /* HARUCHIApp.swift */; };
		C6C139D32C41485400AE2D9C /* ContentView.swift in Sources */ = {isa = PBXBuildFile; fileRef = C6C139D22C41485400AE2D9C /* ContentView.swift */; };
		C6C139D52C41485500AE2D9C /* Assets.xcassets in Resources */ = {isa = PBXBuildFile; fileRef = C6C139D42C41485500AE2D9C /* Assets.xcassets */; };
		C6C139D82C41485500AE2D9C /* Preview Assets.xcassets in Resources */ = {isa = PBXBuildFile; fileRef = C6C139D72C41485500AE2D9C /* Preview Assets.xcassets */; };
		C6C139F52C4549B800AE2D9C /* MainButton.swift in Sources */ = {isa = PBXBuildFile; fileRef = C6C139F42C4549B800AE2D9C /* MainButton.swift */; };
		C6C139F92C454B6100AE2D9C /* FontExtension.swift in Sources */ = {isa = PBXBuildFile; fileRef = C6C139F82C454B6100AE2D9C /* FontExtension.swift */; };
		C6C13A042C454C0E00AE2D9C /* Pretendard-Regular.otf in Resources */ = {isa = PBXBuildFile; fileRef = C6C139FB2C454C0D00AE2D9C /* Pretendard-Regular.otf */; };
		C6C13A062C454C0E00AE2D9C /* Pretendard-Medium.otf in Resources */ = {isa = PBXBuildFile; fileRef = C6C139FD2C454C0E00AE2D9C /* Pretendard-Medium.otf */; };
		C6C13A092C454C0E00AE2D9C /* Pretendard-SemiBold.otf in Resources */ = {isa = PBXBuildFile; fileRef = C6C13A002C454C0E00AE2D9C /* Pretendard-SemiBold.otf */; };
		C6C13A0A2C454C0E00AE2D9C /* Pretendard-Bold.otf in Resources */ = {isa = PBXBuildFile; fileRef = C6C13A012C454C0E00AE2D9C /* Pretendard-Bold.otf */; };
		C6C13A0F2C464EC200AE2D9C /* ColorExtension.swift in Sources */ = {isa = PBXBuildFile; fileRef = C6C13A0E2C464EC200AE2D9C /* ColorExtension.swift */; };
		C6C13A132C4CE7F500AE2D9C /* Launch Screen.storyboard in Resources */ = {isa = PBXBuildFile; fileRef = C6C13A122C4CE7F500AE2D9C /* Launch Screen.storyboard */; };
		C6C13A222C4D173700AE2D9C /* SignInView.swift in Sources */ = {isa = PBXBuildFile; fileRef = C6C13A202C4D173700AE2D9C /* SignInView.swift */; };
		C6C13A232C4D173700AE2D9C /* StartView.swift in Sources */ = {isa = PBXBuildFile; fileRef = C6C13A212C4D173700AE2D9C /* StartView.swift */; };
		C6C13A262C4D17CE00AE2D9C /* BackButtonModifier.swift in Sources */ = {isa = PBXBuildFile; fileRef = C6C13A252C4D17CE00AE2D9C /* BackButtonModifier.swift */; };
		C6C13A282C4D1C6A00AE2D9C /* GrayLine.swift in Sources */ = {isa = PBXBuildFile; fileRef = C6C13A272C4D1C6A00AE2D9C /* GrayLine.swift */; };
/* End PBXBuildFile section */

/* Begin PBXFileReference section */
		4FB934372C47AC2700994816 /* CircleButton.swift */ = {isa = PBXFileReference; lastKnownFileType = sourcecode.swift; path = CircleButton.swift; sourceTree = "<group>"; };
		C6C139CD2C41485400AE2D9C /* HARUCHI.app */ = {isa = PBXFileReference; explicitFileType = wrapper.application; includeInIndex = 0; path = HARUCHI.app; sourceTree = BUILT_PRODUCTS_DIR; };
		C6C139D02C41485400AE2D9C /* HARUCHIApp.swift */ = {isa = PBXFileReference; lastKnownFileType = sourcecode.swift; path = HARUCHIApp.swift; sourceTree = "<group>"; };
		C6C139D22C41485400AE2D9C /* ContentView.swift */ = {isa = PBXFileReference; lastKnownFileType = sourcecode.swift; path = ContentView.swift; sourceTree = "<group>"; };
		C6C139D42C41485500AE2D9C /* Assets.xcassets */ = {isa = PBXFileReference; lastKnownFileType = folder.assetcatalog; path = Assets.xcassets; sourceTree = "<group>"; };
		C6C139D72C41485500AE2D9C /* Preview Assets.xcassets */ = {isa = PBXFileReference; lastKnownFileType = folder.assetcatalog; path = "Preview Assets.xcassets"; sourceTree = "<group>"; };
		C6C139F42C4549B800AE2D9C /* MainButton.swift */ = {isa = PBXFileReference; lastKnownFileType = sourcecode.swift; path = MainButton.swift; sourceTree = "<group>"; };
		C6C139F82C454B6100AE2D9C /* FontExtension.swift */ = {isa = PBXFileReference; lastKnownFileType = sourcecode.swift; path = FontExtension.swift; sourceTree = "<group>"; };
		C6C139FB2C454C0D00AE2D9C /* Pretendard-Regular.otf */ = {isa = PBXFileReference; lastKnownFileType = file; path = "Pretendard-Regular.otf"; sourceTree = "<group>"; };
		C6C139FD2C454C0E00AE2D9C /* Pretendard-Medium.otf */ = {isa = PBXFileReference; lastKnownFileType = file; path = "Pretendard-Medium.otf"; sourceTree = "<group>"; };
		C6C13A002C454C0E00AE2D9C /* Pretendard-SemiBold.otf */ = {isa = PBXFileReference; lastKnownFileType = file; path = "Pretendard-SemiBold.otf"; sourceTree = "<group>"; };
		C6C13A012C454C0E00AE2D9C /* Pretendard-Bold.otf */ = {isa = PBXFileReference; lastKnownFileType = file; path = "Pretendard-Bold.otf"; sourceTree = "<group>"; };
		C6C13A0D2C464C4700AE2D9C /* Info.plist */ = {isa = PBXFileReference; lastKnownFileType = text.plist; path = Info.plist; sourceTree = "<group>"; };
		C6C13A0E2C464EC200AE2D9C /* ColorExtension.swift */ = {isa = PBXFileReference; lastKnownFileType = sourcecode.swift; path = ColorExtension.swift; sourceTree = "<group>"; };
		C6C13A122C4CE7F500AE2D9C /* Launch Screen.storyboard */ = {isa = PBXFileReference; lastKnownFileType = file.storyboard; path = "Launch Screen.storyboard"; sourceTree = "<group>"; };
		C6C13A202C4D173700AE2D9C /* SignInView.swift */ = {isa = PBXFileReference; fileEncoding = 4; lastKnownFileType = sourcecode.swift; path = SignInView.swift; sourceTree = "<group>"; };
		C6C13A212C4D173700AE2D9C /* StartView.swift */ = {isa = PBXFileReference; fileEncoding = 4; lastKnownFileType = sourcecode.swift; path = StartView.swift; sourceTree = "<group>"; };
		C6C13A252C4D17CE00AE2D9C /* BackButtonModifier.swift */ = {isa = PBXFileReference; lastKnownFileType = sourcecode.swift; path = BackButtonModifier.swift; sourceTree = "<group>"; };
		C6C13A272C4D1C6A00AE2D9C /* GrayLine.swift */ = {isa = PBXFileReference; lastKnownFileType = sourcecode.swift; path = GrayLine.swift; sourceTree = "<group>"; };
/* End PBXFileReference section */

/* Begin PBXFrameworksBuildPhase section */
		C6C139CA2C41485400AE2D9C /* Frameworks */ = {
			isa = PBXFrameworksBuildPhase;
			buildActionMask = 2147483647;
			files = (
			);
			runOnlyForDeploymentPostprocessing = 0;
		};
/* End PBXFrameworksBuildPhase section */

/* Begin PBXGroup section */
		C6C139C42C41485400AE2D9C = {
			isa = PBXGroup;
			children = (
				C6C139CF2C41485400AE2D9C /* HARUCHI */,
				C6C139CE2C41485400AE2D9C /* Products */,
			);
			sourceTree = "<group>";
		};
		C6C139CE2C41485400AE2D9C /* Products */ = {
			isa = PBXGroup;
			children = (
				C6C139CD2C41485400AE2D9C /* HARUCHI.app */,
			);
			name = Products;
			sourceTree = "<group>";
		};
		C6C139CF2C41485400AE2D9C /* HARUCHI */ = {
			isa = PBXGroup;
			children = (
				C6C13A0D2C464C4700AE2D9C /* Info.plist */,
				C6C139D42C41485500AE2D9C /* Assets.xcassets */,
				C6C13A122C4CE7F500AE2D9C /* Launch Screen.storyboard */,
				C6C139FA2C454BB300AE2D9C /* Font */,
				C6C139E52C414C9E00AE2D9C /* Helper */,
				C6C139E62C414D8900AE2D9C /* Components */,
				C6C139E72C414D9700AE2D9C /* App */,
				C6C139D62C41485500AE2D9C /* Preview Content */,
			);
			path = HARUCHI;
			sourceTree = "<group>";
		};
		C6C139D62C41485500AE2D9C /* Preview Content */ = {
			isa = PBXGroup;
			children = (
				C6C139D72C41485500AE2D9C /* Preview Assets.xcassets */,
			);
			path = "Preview Content";
			sourceTree = "<group>";
		};
		C6C139E52C414C9E00AE2D9C /* Helper */ = {
			isa = PBXGroup;
			children = (
				C6C13A102C46604400AE2D9C /* Extension */,
			);
			path = Helper;
			sourceTree = "<group>";
		};
		C6C139E62C414D8900AE2D9C /* Components */ = {
			isa = PBXGroup;
			children = (
				C6C139F42C4549B800AE2D9C /* MainButton.swift */,
				4FB934372C47AC2700994816 /* CircleButton.swift */,
				C6C13A272C4D1C6A00AE2D9C /* GrayLine.swift */,
				C6C13A242C4D17A900AE2D9C /* ViewModifier */,
			);
			path = Components;
			sourceTree = "<group>";
		};
		C6C139E72C414D9700AE2D9C /* App */ = {
			isa = PBXGroup;
			children = (
				C6C139D02C41485400AE2D9C /* HARUCHIApp.swift */,
				C6C139D22C41485400AE2D9C /* ContentView.swift */,
				C6C13A1F2C4D16ED00AE2D9C /* SignIn */,
			);
			path = App;
			sourceTree = "<group>";
		};
		C6C139FA2C454BB300AE2D9C /* Font */ = {
			isa = PBXGroup;
			children = (
				C6C13A012C454C0E00AE2D9C /* Pretendard-Bold.otf */,
				C6C139FD2C454C0E00AE2D9C /* Pretendard-Medium.otf */,
				C6C139FB2C454C0D00AE2D9C /* Pretendard-Regular.otf */,
				C6C13A002C454C0E00AE2D9C /* Pretendard-SemiBold.otf */,
			);
			path = Font;
			sourceTree = "<group>";
		};
		C6C13A102C46604400AE2D9C /* Extension */ = {
			isa = PBXGroup;
			children = (
				C6C139F82C454B6100AE2D9C /* FontExtension.swift */,
				C6C13A0E2C464EC200AE2D9C /* ColorExtension.swift */,
			);
			path = Extension;
			sourceTree = "<group>";
		};
		C6C13A1F2C4D16ED00AE2D9C /* SignIn */ = {
			isa = PBXGroup;
			children = (
				C6C13A212C4D173700AE2D9C /* StartView.swift */,
				C6C13A202C4D173700AE2D9C /* SignInView.swift */,
			);
			path = SignIn;
			sourceTree = "<group>";
		};
		C6C13A242C4D17A900AE2D9C /* ViewModifier */ = {
			isa = PBXGroup;
			children = (
				C6C13A252C4D17CE00AE2D9C /* BackButtonModifier.swift */,
			);
			path = ViewModifier;
			sourceTree = "<group>";
		};
/* End PBXGroup section */

/* Begin PBXNativeTarget section */
		C6C139CC2C41485400AE2D9C /* HARUCHI */ = {
			isa = PBXNativeTarget;
			buildConfigurationList = C6C139DB2C41485500AE2D9C /* Build configuration list for PBXNativeTarget "HARUCHI" */;
			buildPhases = (
				C6C139C92C41485400AE2D9C /* Sources */,
				C6C139CA2C41485400AE2D9C /* Frameworks */,
				C6C139CB2C41485400AE2D9C /* Resources */,
			);
			buildRules = (
			);
			dependencies = (
			);
			name = HARUCHI;
			productName = HARUCHI;
			productReference = C6C139CD2C41485400AE2D9C /* HARUCHI.app */;
			productType = "com.apple.product-type.application";
		};
/* End PBXNativeTarget section */

/* Begin PBXProject section */
		C6C139C52C41485400AE2D9C /* Project object */ = {
			isa = PBXProject;
			attributes = {
				BuildIndependentTargetsInParallel = 1;
				LastSwiftUpdateCheck = 1540;
				LastUpgradeCheck = 1540;
				TargetAttributes = {
					C6C139CC2C41485400AE2D9C = {
						CreatedOnToolsVersion = 15.4;
					};
				};
			};
			buildConfigurationList = C6C139C82C41485400AE2D9C /* Build configuration list for PBXProject "HARUCHI" */;
			compatibilityVersion = "Xcode 14.0";
			developmentRegion = en;
			hasScannedForEncodings = 0;
			knownRegions = (
				en,
				Base,
			);
			mainGroup = C6C139C42C41485400AE2D9C;
			productRefGroup = C6C139CE2C41485400AE2D9C /* Products */;
			projectDirPath = "";
			projectRoot = "";
			targets = (
				C6C139CC2C41485400AE2D9C /* HARUCHI */,
			);
		};
/* End PBXProject section */

/* Begin PBXResourcesBuildPhase section */
		C6C139CB2C41485400AE2D9C /* Resources */ = {
			isa = PBXResourcesBuildPhase;
			buildActionMask = 2147483647;
			files = (
				C6C139D82C41485500AE2D9C /* Preview Assets.xcassets in Resources */,
				C6C13A062C454C0E00AE2D9C /* Pretendard-Medium.otf in Resources */,
				C6C13A092C454C0E00AE2D9C /* Pretendard-SemiBold.otf in Resources */,
				C6C13A042C454C0E00AE2D9C /* Pretendard-Regular.otf in Resources */,
				C6C13A0A2C454C0E00AE2D9C /* Pretendard-Bold.otf in Resources */,
				C6C139D52C41485500AE2D9C /* Assets.xcassets in Resources */,
				C6C13A132C4CE7F500AE2D9C /* Launch Screen.storyboard in Resources */,
			);
			runOnlyForDeploymentPostprocessing = 0;
		};
/* End PBXResourcesBuildPhase section */

/* Begin PBXSourcesBuildPhase section */
		C6C139C92C41485400AE2D9C /* Sources */ = {
			isa = PBXSourcesBuildPhase;
			buildActionMask = 2147483647;
			files = (
				C6C139F92C454B6100AE2D9C /* FontExtension.swift in Sources */,
				C6C13A222C4D173700AE2D9C /* SignInView.swift in Sources */,
				C6C13A282C4D1C6A00AE2D9C /* GrayLine.swift in Sources */,
				C6C139D32C41485400AE2D9C /* ContentView.swift in Sources */,
				C6C13A232C4D173700AE2D9C /* StartView.swift in Sources */,
				C6C13A262C4D17CE00AE2D9C /* BackButtonModifier.swift in Sources */,
				C6C139D12C41485400AE2D9C /* HARUCHIApp.swift in Sources */,
				4FB934382C47AC2700994816 /* CircleButton.swift in Sources */,
				C6C13A0F2C464EC200AE2D9C /* ColorExtension.swift in Sources */,
				C6C139F52C4549B800AE2D9C /* MainButton.swift in Sources */,
			);
			runOnlyForDeploymentPostprocessing = 0;
		};
/* End PBXSourcesBuildPhase section */

/* Begin XCBuildConfiguration section */
		C6C139D92C41485500AE2D9C /* Debug */ = {
			isa = XCBuildConfiguration;
			buildSettings = {
				ALWAYS_SEARCH_USER_PATHS = NO;
				ASSETCATALOG_COMPILER_GENERATE_SWIFT_ASSET_SYMBOL_EXTENSIONS = YES;
				CLANG_ANALYZER_NONNULL = YES;
				CLANG_ANALYZER_NUMBER_OBJECT_CONVERSION = YES_AGGRESSIVE;
				CLANG_CXX_LANGUAGE_STANDARD = "gnu++20";
				CLANG_ENABLE_MODULES = YES;
				CLANG_ENABLE_OBJC_ARC = YES;
				CLANG_ENABLE_OBJC_WEAK = YES;
				CLANG_WARN_BLOCK_CAPTURE_AUTORELEASING = YES;
				CLANG_WARN_BOOL_CONVERSION = YES;
				CLANG_WARN_COMMA = YES;
				CLANG_WARN_CONSTANT_CONVERSION = YES;
				CLANG_WARN_DEPRECATED_OBJC_IMPLEMENTATIONS = YES;
				CLANG_WARN_DIRECT_OBJC_ISA_USAGE = YES_ERROR;
				CLANG_WARN_DOCUMENTATION_COMMENTS = YES;
				CLANG_WARN_EMPTY_BODY = YES;
				CLANG_WARN_ENUM_CONVERSION = YES;
				CLANG_WARN_INFINITE_RECURSION = YES;
				CLANG_WARN_INT_CONVERSION = YES;
				CLANG_WARN_NON_LITERAL_NULL_CONVERSION = YES;
				CLANG_WARN_OBJC_IMPLICIT_RETAIN_SELF = YES;
				CLANG_WARN_OBJC_LITERAL_CONVERSION = YES;
				CLANG_WARN_OBJC_ROOT_CLASS = YES_ERROR;
				CLANG_WARN_QUOTED_INCLUDE_IN_FRAMEWORK_HEADER = YES;
				CLANG_WARN_RANGE_LOOP_ANALYSIS = YES;
				CLANG_WARN_STRICT_PROTOTYPES = YES;
				CLANG_WARN_SUSPICIOUS_MOVE = YES;
				CLANG_WARN_UNGUARDED_AVAILABILITY = YES_AGGRESSIVE;
				CLANG_WARN_UNREACHABLE_CODE = YES;
				CLANG_WARN__DUPLICATE_METHOD_MATCH = YES;
				COPY_PHASE_STRIP = NO;
				DEBUG_INFORMATION_FORMAT = dwarf;
				ENABLE_STRICT_OBJC_MSGSEND = YES;
				ENABLE_TESTABILITY = YES;
				ENABLE_USER_SCRIPT_SANDBOXING = YES;
				GCC_C_LANGUAGE_STANDARD = gnu17;
				GCC_DYNAMIC_NO_PIC = NO;
				GCC_NO_COMMON_BLOCKS = YES;
				GCC_OPTIMIZATION_LEVEL = 0;
				GCC_PREPROCESSOR_DEFINITIONS = (
					"DEBUG=1",
					"$(inherited)",
				);
				GCC_WARN_64_TO_32_BIT_CONVERSION = YES;
				GCC_WARN_ABOUT_RETURN_TYPE = YES_ERROR;
				GCC_WARN_UNDECLARED_SELECTOR = YES;
				GCC_WARN_UNINITIALIZED_AUTOS = YES_AGGRESSIVE;
				GCC_WARN_UNUSED_FUNCTION = YES;
				GCC_WARN_UNUSED_VARIABLE = YES;
				IPHONEOS_DEPLOYMENT_TARGET = 17.5;
				LOCALIZATION_PREFERS_STRING_CATALOGS = YES;
				MTL_ENABLE_DEBUG_INFO = INCLUDE_SOURCE;
				MTL_FAST_MATH = YES;
				ONLY_ACTIVE_ARCH = YES;
				SDKROOT = iphoneos;
				SWIFT_ACTIVE_COMPILATION_CONDITIONS = "DEBUG $(inherited)";
				SWIFT_OPTIMIZATION_LEVEL = "-Onone";
			};
			name = Debug;
		};
		C6C139DA2C41485500AE2D9C /* Release */ = {
			isa = XCBuildConfiguration;
			buildSettings = {
				ALWAYS_SEARCH_USER_PATHS = NO;
				ASSETCATALOG_COMPILER_GENERATE_SWIFT_ASSET_SYMBOL_EXTENSIONS = YES;
				CLANG_ANALYZER_NONNULL = YES;
				CLANG_ANALYZER_NUMBER_OBJECT_CONVERSION = YES_AGGRESSIVE;
				CLANG_CXX_LANGUAGE_STANDARD = "gnu++20";
				CLANG_ENABLE_MODULES = YES;
				CLANG_ENABLE_OBJC_ARC = YES;
				CLANG_ENABLE_OBJC_WEAK = YES;
				CLANG_WARN_BLOCK_CAPTURE_AUTORELEASING = YES;
				CLANG_WARN_BOOL_CONVERSION = YES;
				CLANG_WARN_COMMA = YES;
				CLANG_WARN_CONSTANT_CONVERSION = YES;
				CLANG_WARN_DEPRECATED_OBJC_IMPLEMENTATIONS = YES;
				CLANG_WARN_DIRECT_OBJC_ISA_USAGE = YES_ERROR;
				CLANG_WARN_DOCUMENTATION_COMMENTS = YES;
				CLANG_WARN_EMPTY_BODY = YES;
				CLANG_WARN_ENUM_CONVERSION = YES;
				CLANG_WARN_INFINITE_RECURSION = YES;
				CLANG_WARN_INT_CONVERSION = YES;
				CLANG_WARN_NON_LITERAL_NULL_CONVERSION = YES;
				CLANG_WARN_OBJC_IMPLICIT_RETAIN_SELF = YES;
				CLANG_WARN_OBJC_LITERAL_CONVERSION = YES;
				CLANG_WARN_OBJC_ROOT_CLASS = YES_ERROR;
				CLANG_WARN_QUOTED_INCLUDE_IN_FRAMEWORK_HEADER = YES;
				CLANG_WARN_RANGE_LOOP_ANALYSIS = YES;
				CLANG_WARN_STRICT_PROTOTYPES = YES;
				CLANG_WARN_SUSPICIOUS_MOVE = YES;
				CLANG_WARN_UNGUARDED_AVAILABILITY = YES_AGGRESSIVE;
				CLANG_WARN_UNREACHABLE_CODE = YES;
				CLANG_WARN__DUPLICATE_METHOD_MATCH = YES;
				COPY_PHASE_STRIP = NO;
				DEBUG_INFORMATION_FORMAT = "dwarf-with-dsym";
				ENABLE_NS_ASSERTIONS = NO;
				ENABLE_STRICT_OBJC_MSGSEND = YES;
				ENABLE_USER_SCRIPT_SANDBOXING = YES;
				GCC_C_LANGUAGE_STANDARD = gnu17;
				GCC_NO_COMMON_BLOCKS = YES;
				GCC_WARN_64_TO_32_BIT_CONVERSION = YES;
				GCC_WARN_ABOUT_RETURN_TYPE = YES_ERROR;
				GCC_WARN_UNDECLARED_SELECTOR = YES;
				GCC_WARN_UNINITIALIZED_AUTOS = YES_AGGRESSIVE;
				GCC_WARN_UNUSED_FUNCTION = YES;
				GCC_WARN_UNUSED_VARIABLE = YES;
				IPHONEOS_DEPLOYMENT_TARGET = 17.5;
				LOCALIZATION_PREFERS_STRING_CATALOGS = YES;
				MTL_ENABLE_DEBUG_INFO = NO;
				MTL_FAST_MATH = YES;
				SDKROOT = iphoneos;
				SWIFT_COMPILATION_MODE = wholemodule;
				VALIDATE_PRODUCT = YES;
			};
			name = Release;
		};
		C6C139DC2C41485500AE2D9C /* Debug */ = {
			isa = XCBuildConfiguration;
			buildSettings = {
				ASSETCATALOG_COMPILER_APPICON_NAME = AppIcon;
				ASSETCATALOG_COMPILER_GLOBAL_ACCENT_COLOR_NAME = AccentColor;
				CODE_SIGN_STYLE = Automatic;
				CURRENT_PROJECT_VERSION = 1;
				DEVELOPMENT_ASSET_PATHS = "\"HARUCHI/Preview Content\"";
				DEVELOPMENT_TEAM = 6JLYLDSW4U;
				ENABLE_PREVIEWS = YES;
				GENERATE_INFOPLIST_FILE = YES;
				INFOPLIST_FILE = HARUCHI/Info.plist;
				INFOPLIST_KEY_UIApplicationSceneManifest_Generation = YES;
				INFOPLIST_KEY_UIApplicationSupportsIndirectInputEvents = YES;
				INFOPLIST_KEY_UILaunchScreen_Generation = YES;
				INFOPLIST_KEY_UILaunchStoryboardName = "Launch Screen.storyboard";
				INFOPLIST_KEY_UISupportedInterfaceOrientations = UIInterfaceOrientationPortrait;
				INFOPLIST_KEY_UISupportedInterfaceOrientations_iPad = "UIInterfaceOrientationLandscapeLeft UIInterfaceOrientationLandscapeRight UIInterfaceOrientationPortrait UIInterfaceOrientationPortraitUpsideDown";
				INFOPLIST_KEY_UIUserInterfaceStyle = Light;
				IPHONEOS_DEPLOYMENT_TARGET = 17.0;
				LD_RUNPATH_SEARCH_PATHS = (
					"$(inherited)",
					"@executable_path/Frameworks",
				);
				MARKETING_VERSION = 1.0;
				PRODUCT_BUNDLE_IDENTIFIER = umc6th.HARUCHI;
				PRODUCT_NAME = "$(TARGET_NAME)";
				SUPPORTED_PLATFORMS = "iphoneos iphonesimulator";
				SUPPORTS_MACCATALYST = NO;
				SUPPORTS_MAC_DESIGNED_FOR_IPHONE_IPAD = NO;
				SUPPORTS_XR_DESIGNED_FOR_IPHONE_IPAD = NO;
				SWIFT_EMIT_LOC_STRINGS = YES;
				SWIFT_VERSION = 5.0;
				TARGETED_DEVICE_FAMILY = 1;
			};
			name = Debug;
		};
		C6C139DD2C41485500AE2D9C /* Release */ = {
			isa = XCBuildConfiguration;
			buildSettings = {
				ASSETCATALOG_COMPILER_APPICON_NAME = AppIcon;
				ASSETCATALOG_COMPILER_GLOBAL_ACCENT_COLOR_NAME = AccentColor;
				CODE_SIGN_STYLE = Automatic;
				CURRENT_PROJECT_VERSION = 1;
				DEVELOPMENT_ASSET_PATHS = "\"HARUCHI/Preview Content\"";
				DEVELOPMENT_TEAM = 6JLYLDSW4U;
				ENABLE_PREVIEWS = YES;
				GENERATE_INFOPLIST_FILE = YES;
				INFOPLIST_FILE = HARUCHI/Info.plist;
				INFOPLIST_KEY_UIApplicationSceneManifest_Generation = YES;
				INFOPLIST_KEY_UIApplicationSupportsIndirectInputEvents = YES;
				INFOPLIST_KEY_UILaunchScreen_Generation = YES;
				INFOPLIST_KEY_UILaunchStoryboardName = "Launch Screen.storyboard";
				INFOPLIST_KEY_UISupportedInterfaceOrientations = UIInterfaceOrientationPortrait;
				INFOPLIST_KEY_UISupportedInterfaceOrientations_iPad = "UIInterfaceOrientationLandscapeLeft UIInterfaceOrientationLandscapeRight UIInterfaceOrientationPortrait UIInterfaceOrientationPortraitUpsideDown";
				INFOPLIST_KEY_UIUserInterfaceStyle = Light;
				IPHONEOS_DEPLOYMENT_TARGET = 17.0;
				LD_RUNPATH_SEARCH_PATHS = (
					"$(inherited)",
					"@executable_path/Frameworks",
				);
				MARKETING_VERSION = 1.0;
				PRODUCT_BUNDLE_IDENTIFIER = umc6th.HARUCHI;
				PRODUCT_NAME = "$(TARGET_NAME)";
				SUPPORTED_PLATFORMS = "iphoneos iphonesimulator";
				SUPPORTS_MACCATALYST = NO;
				SUPPORTS_MAC_DESIGNED_FOR_IPHONE_IPAD = NO;
				SUPPORTS_XR_DESIGNED_FOR_IPHONE_IPAD = NO;
				SWIFT_EMIT_LOC_STRINGS = YES;
				SWIFT_VERSION = 5.0;
				TARGETED_DEVICE_FAMILY = 1;
			};
			name = Release;
		};
/* End XCBuildConfiguration section */

/* Begin XCConfigurationList section */
		C6C139C82C41485400AE2D9C /* Build configuration list for PBXProject "HARUCHI" */ = {
			isa = XCConfigurationList;
			buildConfigurations = (
				C6C139D92C41485500AE2D9C /* Debug */,
				C6C139DA2C41485500AE2D9C /* Release */,
			);
			defaultConfigurationIsVisible = 0;
			defaultConfigurationName = Release;
		};
		C6C139DB2C41485500AE2D9C /* Build configuration list for PBXNativeTarget "HARUCHI" */ = {
			isa = XCConfigurationList;
			buildConfigurations = (
				C6C139DC2C41485500AE2D9C /* Debug */,
				C6C139DD2C41485500AE2D9C /* Release */,
			);
			defaultConfigurationIsVisible = 0;
			defaultConfigurationName = Release;
		};
/* End XCConfigurationList section */
	};
	rootObject = C6C139C52C41485400AE2D9C /* Project object */;
}
